
Microsoft Visual Studio Solution File, Format Version 12.00
# Visual Studio Version 16
VisualStudioVersion = 16.0.28407.52
MinimumVisualStudioVersion = 10.0.40219.1
Project("{FAE04EC0-301F-11D3-BF4B-00C04F79EFBC}") = "Star1", "Star1\Star1.csproj", "{9B8CD324-B93B-40CF-860C-8A609AAB1791}"
EndProject
Project("{FAE04EC0-301F-11D3-BF4B-00C04F79EFBC}") = "Star2", "Star2\Star2.csproj", "{900C397E-9660-4C66-86E1-9C2463E41368}"
EndProject
Project("{FAE04EC0-301F-11D3-BF4B-00C04F79EFBC}") = "Day2.Star1", "Day2.Star1\Day2.Star1.csproj", "{33C25FB0-227E-4DDC-A7DE-0D3D3D4DECEE}"
EndProject
Project("{FAE04EC0-301F-11D3-BF4B-00C04F79EFBC}") = "Day2.Star2", "Day2.Star2\Day2.Star2.csproj", "{8552BE47-9748-4D5B-949D-361891491467}"
EndProject
Project("{FAE04EC0-301F-11D3-BF4B-00C04F79EFBC}") = "Day3.Star1", "Day3.Star1\Day3.Star1.csproj", "{163DF41B-178E-4384-9649-3F60311FA362}"
EndProject
Project("{FAE04EC0-301F-11D3-BF4B-00C04F79EFBC}") = "Day4", "Day4\Day4.csproj", "{FC912780-6218-4CB1-90FE-A17D2169F497}"
EndProject
Project("{FAE04EC0-301F-11D3-BF4B-00C04F79EFBC}") = "Day5", "Day5\Day5.csproj", "{B50183FD-CA2F-4760-AE3E-773763DFB48C}"
EndProject
Project("{FAE04EC0-301F-11D3-BF4B-00C04F79EFBC}") = "Day6", "Day6\Day6.csproj", "{70EE00A7-EBE9-4B5C-8827-59823F3ED8CB}"
EndProject
Project("{FAE04EC0-301F-11D3-BF4B-00C04F79EFBC}") = "Day25", "Day25\Day25.csproj", "{60D80067-CB5D-4377-A14C-FBA402A6A1F8}"
EndProject
Project("{FAE04EC0-301F-11D3-BF4B-00C04F79EFBC}") = "Day7", "Day7\Day7.csproj", "{490D5F5B-8B94-47E9-8DE6-FBAFED2DC4C1}"
EndProject
Project("{FAE04EC0-301F-11D3-BF4B-00C04F79EFBC}") = "Day8", "Day8\Day8.csproj", "{FE6D8D74-7BD9-47F1-B23F-87237094E5C2}"
EndProject
Project("{FAE04EC0-301F-11D3-BF4B-00C04F79EFBC}") = "Day10", "Day10\Day10.csproj", "{9CE2CB57-D657-4EDC-8E88-5A8192F6C86A}"
EndProject
Project("{FAE04EC0-301F-11D3-BF4B-00C04F79EFBC}") = "Day9", "Day9\Day9.csproj", "{EF1314E6-6D57-432F-9794-CBC20F303F5D}"
EndProject
Project("{FAE04EC0-301F-11D3-BF4B-00C04F79EFBC}") = "Day11", "Day11\Day11.csproj", "{1F208135-9ADC-4A42-BA94-23CF3A30A69F}"
EndProject
Project("{FAE04EC0-301F-11D3-BF4B-00C04F79EFBC}") = "Day12", "Day12\Day12.csproj", "{3783AF7A-10DC-45BB-9278-4233318A2D5B}"
EndProject
Project("{FAE04EC0-301F-11D3-BF4B-00C04F79EFBC}") = "Day13", "Day13\Day13.csproj", "{3BCB9E23-5505-4DB9-B085-FD449E1F1B31}"
EndProject
Project("{FAE04EC0-301F-11D3-BF4B-00C04F79EFBC}") = "Day14", "Day14\Day14.csproj", "{A511BC06-1843-467F-AF60-A28052856CFA}"
EndProject
Global
	GlobalSection(SolutionConfigurationPlatforms) = preSolution
		Debug|Any CPU = Debug|Any CPU
		Release|Any CPU = Release|Any CPU
	EndGlobalSection
	GlobalSection(ProjectConfigurationPlatforms) = postSolution
		{9B8CD324-B93B-40CF-860C-8A609AAB1791}.Debug|Any CPU.ActiveCfg = Debug|Any CPU
		{9B8CD324-B93B-40CF-860C-8A609AAB1791}.Debug|Any CPU.Build.0 = Debug|Any CPU
		{9B8CD324-B93B-40CF-860C-8A609AAB1791}.Release|Any CPU.ActiveCfg = Release|Any CPU
		{9B8CD324-B93B-40CF-860C-8A609AAB1791}.Release|Any CPU.Build.0 = Release|Any CPU
		{900C397E-9660-4C66-86E1-9C2463E41368}.Debug|Any CPU.ActiveCfg = Debug|Any CPU
		{900C397E-9660-4C66-86E1-9C2463E41368}.Debug|Any CPU.Build.0 = Debug|Any CPU
		{900C397E-9660-4C66-86E1-9C2463E41368}.Release|Any CPU.ActiveCfg = Release|Any CPU
		{900C397E-9660-4C66-86E1-9C2463E41368}.Release|Any CPU.Build.0 = Release|Any CPU
		{33C25FB0-227E-4DDC-A7DE-0D3D3D4DECEE}.Debug|Any CPU.ActiveCfg = Debug|Any CPU
		{33C25FB0-227E-4DDC-A7DE-0D3D3D4DECEE}.Debug|Any CPU.Build.0 = Debug|Any CPU
		{33C25FB0-227E-4DDC-A7DE-0D3D3D4DECEE}.Release|Any CPU.ActiveCfg = Release|Any CPU
		{33C25FB0-227E-4DDC-A7DE-0D3D3D4DECEE}.Release|Any CPU.Build.0 = Release|Any CPU
		{8552BE47-9748-4D5B-949D-361891491467}.Debug|Any CPU.ActiveCfg = Debug|Any CPU
		{8552BE47-9748-4D5B-949D-361891491467}.Debug|Any CPU.Build.0 = Debug|Any CPU
		{8552BE47-9748-4D5B-949D-361891491467}.Release|Any CPU.ActiveCfg = Release|Any CPU
		{8552BE47-9748-4D5B-949D-361891491467}.Release|Any CPU.Build.0 = Release|Any CPU
		{163DF41B-178E-4384-9649-3F60311FA362}.Debug|Any CPU.ActiveCfg = Debug|Any CPU
		{163DF41B-178E-4384-9649-3F60311FA362}.Debug|Any CPU.Build.0 = Debug|Any CPU
		{163DF41B-178E-4384-9649-3F60311FA362}.Release|Any CPU.ActiveCfg = Release|Any CPU
		{163DF41B-178E-4384-9649-3F60311FA362}.Release|Any CPU.Build.0 = Release|Any CPU
		{FC912780-6218-4CB1-90FE-A17D2169F497}.Debug|Any CPU.ActiveCfg = Debug|Any CPU
		{FC912780-6218-4CB1-90FE-A17D2169F497}.Debug|Any CPU.Build.0 = Debug|Any CPU
		{FC912780-6218-4CB1-90FE-A17D2169F497}.Release|Any CPU.ActiveCfg = Release|Any CPU
		{FC912780-6218-4CB1-90FE-A17D2169F497}.Release|Any CPU.Build.0 = Release|Any CPU
		{B50183FD-CA2F-4760-AE3E-773763DFB48C}.Debug|Any CPU.ActiveCfg = Debug|Any CPU
		{B50183FD-CA2F-4760-AE3E-773763DFB48C}.Debug|Any CPU.Build.0 = Debug|Any CPU
		{B50183FD-CA2F-4760-AE3E-773763DFB48C}.Release|Any CPU.ActiveCfg = Release|Any CPU
		{B50183FD-CA2F-4760-AE3E-773763DFB48C}.Release|Any CPU.Build.0 = Release|Any CPU
		{70EE00A7-EBE9-4B5C-8827-59823F3ED8CB}.Debug|Any CPU.ActiveCfg = Debug|Any CPU
		{70EE00A7-EBE9-4B5C-8827-59823F3ED8CB}.Debug|Any CPU.Build.0 = Debug|Any CPU
		{70EE00A7-EBE9-4B5C-8827-59823F3ED8CB}.Release|Any CPU.ActiveCfg = Release|Any CPU
		{70EE00A7-EBE9-4B5C-8827-59823F3ED8CB}.Release|Any CPU.Build.0 = Release|Any CPU
		{60D80067-CB5D-4377-A14C-FBA402A6A1F8}.Debug|Any CPU.ActiveCfg = Debug|Any CPU
		{60D80067-CB5D-4377-A14C-FBA402A6A1F8}.Debug|Any CPU.Build.0 = Debug|Any CPU
		{60D80067-CB5D-4377-A14C-FBA402A6A1F8}.Release|Any CPU.ActiveCfg = Release|Any CPU
		{60D80067-CB5D-4377-A14C-FBA402A6A1F8}.Release|Any CPU.Build.0 = Release|Any CPU
		{490D5F5B-8B94-47E9-8DE6-FBAFED2DC4C1}.Debug|Any CPU.ActiveCfg = Debug|Any CPU
		{490D5F5B-8B94-47E9-8DE6-FBAFED2DC4C1}.Debug|Any CPU.Build.0 = Debug|Any CPU
		{490D5F5B-8B94-47E9-8DE6-FBAFED2DC4C1}.Release|Any CPU.ActiveCfg = Release|Any CPU
		{490D5F5B-8B94-47E9-8DE6-FBAFED2DC4C1}.Release|Any CPU.Build.0 = Release|Any CPU
		{FE6D8D74-7BD9-47F1-B23F-87237094E5C2}.Debug|Any CPU.ActiveCfg = Debug|Any CPU
		{FE6D8D74-7BD9-47F1-B23F-87237094E5C2}.Debug|Any CPU.Build.0 = Debug|Any CPU
		{FE6D8D74-7BD9-47F1-B23F-87237094E5C2}.Release|Any CPU.ActiveCfg = Release|Any CPU
		{FE6D8D74-7BD9-47F1-B23F-87237094E5C2}.Release|Any CPU.Build.0 = Release|Any CPU
		{9CE2CB57-D657-4EDC-8E88-5A8192F6C86A}.Debug|Any CPU.ActiveCfg = Debug|Any CPU
		{9CE2CB57-D657-4EDC-8E88-5A8192F6C86A}.Debug|Any CPU.Build.0 = Debug|Any CPU
		{9CE2CB57-D657-4EDC-8E88-5A8192F6C86A}.Release|Any CPU.ActiveCfg = Release|Any CPU
		{9CE2CB57-D657-4EDC-8E88-5A8192F6C86A}.Release|Any CPU.Build.0 = Release|Any CPU
		{EF1314E6-6D57-432F-9794-CBC20F303F5D}.Debug|Any CPU.ActiveCfg = Debug|Any CPU
		{EF1314E6-6D57-432F-9794-CBC20F303F5D}.Debug|Any CPU.Build.0 = Debug|Any CPU
		{EF1314E6-6D57-432F-9794-CBC20F303F5D}.Release|Any CPU.ActiveCfg = Release|Any CPU
		{EF1314E6-6D57-432F-9794-CBC20F303F5D}.Release|Any CPU.Build.0 = Release|Any CPU
		{1F208135-9ADC-4A42-BA94-23CF3A30A69F}.Debug|Any CPU.ActiveCfg = Debug|Any CPU
		{1F208135-9ADC-4A42-BA94-23CF3A30A69F}.Debug|Any CPU.Build.0 = Debug|Any CPU
		{1F208135-9ADC-4A42-BA94-23CF3A30A69F}.Release|Any CPU.ActiveCfg = Release|Any CPU
		{1F208135-9ADC-4A42-BA94-23CF3A30A69F}.Release|Any CPU.Build.0 = Release|Any CPU
		{3783AF7A-10DC-45BB-9278-4233318A2D5B}.Debug|Any CPU.ActiveCfg = Debug|Any CPU
		{3783AF7A-10DC-45BB-9278-4233318A2D5B}.Debug|Any CPU.Build.0 = Debug|Any CPU
		{3783AF7A-10DC-45BB-9278-4233318A2D5B}.Release|Any CPU.ActiveCfg = Release|Any CPU
		{3783AF7A-10DC-45BB-9278-4233318A2D5B}.Release|Any CPU.Build.0 = Release|Any CPU
		{3BCB9E23-5505-4DB9-B085-FD449E1F1B31}.Debug|Any CPU.ActiveCfg = Debug|Any CPU
		{3BCB9E23-5505-4DB9-B085-FD449E1F1B31}.Debug|Any CPU.Build.0 = Debug|Any CPU
		{3BCB9E23-5505-4DB9-B085-FD449E1F1B31}.Release|Any CPU.ActiveCfg = Release|Any CPU
		{3BCB9E23-5505-4DB9-B085-FD449E1F1B31}.Release|Any CPU.Build.0 = Release|Any CPU
		{A511BC06-1843-467F-AF60-A28052856CFA}.Debug|Any CPU.ActiveCfg = Debug|Any CPU
		{A511BC06-1843-467F-AF60-A28052856CFA}.Debug|Any CPU.Build.0 = Debug|Any CPU
		{A511BC06-1843-467F-AF60-A28052856CFA}.Release|Any CPU.ActiveCfg = Release|Any CPU
		{A511BC06-1843-467F-AF60-A28052856CFA}.Release|Any CPU.Build.0 = Release|Any CPU
	EndGlobalSection
	GlobalSection(SolutionProperties) = preSolution
		HideSolutionNode = FALSE
	EndGlobalSection
	GlobalSection(ExtensibilityGlobals) = postSolution
		SolutionGuid = {423935DE-65D9-42B2-979B-5615A18EF750}
	EndGlobalSection
EndGlobal
